
Microsoft Visual Studio Solution File, Format Version 12.00
# Visual Studio Version 16
VisualStudioVersion = 16.0.30711.63
MinimumVisualStudioVersion = 10.0.40219.1
Project("{FAE04EC0-301F-11D3-BF4B-00C04F79EFBC}") = "DatabaseSettings", "DatabaseSettings\DatabaseSettings.csproj", "{D4F2D447-E41F-4A11-A756-3E23847C107D}"
EndProject
Global
	GlobalSection(SolutionConfigurationPlatforms) = preSolution
		Debug|Any CPU = Debug|Any CPU
		Release|Any CPU = Release|Any CPU
	EndGlobalSection
	GlobalSection(ProjectConfigurationPlatforms) = postSolution
		{D4F2D447-E41F-4A11-A756-3E23847C107D}.Debug|Any CPU.ActiveCfg = Debug|Any CPU
		{D4F2D447-E41F-4A11-A756-3E23847C107D}.Debug|Any CPU.Build.0 = Debug|Any CPU
		{D4F2D447-E41F-4A11-A756-3E23847C107D}.Release|Any CPU.ActiveCfg = Release|Any CPU
		{D4F2D447-E41F-4A11-A756-3E23847C107D}.Release|Any CPU.Build.0 = Release|Any CPU
	EndGlobalSection
	GlobalSection(SolutionProperties) = preSolution
		HideSolutionNode = FALSE
	EndGlobalSection
	GlobalSection(ExtensibilityGlobals) = postSolution
		SolutionGuid = {B1D7BFCE-D65B-492F-B508-04B53AEAE36D}
	EndGlobalSection
EndGlobal
